# THIS IS AN AUTOGENERATED FILE. DO NOT EDIT THIS FILE DIRECTLY.
# yarn lockfile v1


slim-select@^2.10.0:
  version "2.10.0"
  resolved "https://registry.yarnpkg.com/slim-select/-/slim-select-2.10.0.tgz#4793579aa1b368a04d4944f5a0a1dd9dac0ed68c"
  integrity sha512-sOKXH8YlgspTn+wy1jYbscVlFbBsAIOmtrmx1e16sV+NbYDTIyJCCdLH0EL9gDxDdHzBgE/s5XZ+VChaxz0JGg==
